
Microsoft Visual Studio Solution File, Format Version 12.00
# Visual Studio Version 17
VisualStudioVersion = 17.2.32616.157
MinimumVisualStudioVersion = 10.0.40219.1
Project("{9A19103F-16F7-4668-BE54-9A1E7A4F7556}") = "ContactWeb", "ContactWeb\ContactWeb.csproj", "{31134D58-5F94-4B50-B41C-D6C54A670A76}"
EndProject
Project("{9A19103F-16F7-4668-BE54-9A1E7A4F7556}") = "ContactWebModels", "ContactWebModels\ContactWebModels.csproj", "{C4A6BF03-BF1F-421C-A0C4-BB8195C303DD}"
EndProject
Project("{9A19103F-16F7-4668-BE54-9A1E7A4F7556}") = "MyContactManagerData", "MyContactMangerData\MyContactManagerData.csproj", "{96EE2608-4E00-4560-B8A8-FF0463C1999C}"
EndProject
Project("{FAE04EC0-301F-11D3-BF4B-00C04F79EFBC}") = "MyContactManagerRepositories", "MyContactManagerRepositories\MyContactManagerRepositories.csproj", "{579F4881-7339-4DD3-9ECC-1568006C8151}"
EndProject
Project("{FAE04EC0-301F-11D3-BF4B-00C04F79EFBC}") = "MyContactManagerServices", "MyContactManagerServices\MyContactManagerServices.csproj", "{6ED5D45C-C24E-41AA-BB7F-2FBD9B3140B2}"
EndProject
Global
	GlobalSection(SolutionConfigurationPlatforms) = preSolution
		Debug|Any CPU = Debug|Any CPU
		Release|Any CPU = Release|Any CPU
	EndGlobalSection
	GlobalSection(ProjectConfigurationPlatforms) = postSolution
		{31134D58-5F94-4B50-B41C-D6C54A670A76}.Debug|Any CPU.ActiveCfg = Debug|Any CPU
		{31134D58-5F94-4B50-B41C-D6C54A670A76}.Debug|Any CPU.Build.0 = Debug|Any CPU
		{31134D58-5F94-4B50-B41C-D6C54A670A76}.Release|Any CPU.ActiveCfg = Release|Any CPU
		{31134D58-5F94-4B50-B41C-D6C54A670A76}.Release|Any CPU.Build.0 = Release|Any CPU
		{C4A6BF03-BF1F-421C-A0C4-BB8195C303DD}.Debug|Any CPU.ActiveCfg = Debug|Any CPU
		{C4A6BF03-BF1F-421C-A0C4-BB8195C303DD}.Debug|Any CPU.Build.0 = Debug|Any CPU
		{C4A6BF03-BF1F-421C-A0C4-BB8195C303DD}.Release|Any CPU.ActiveCfg = Release|Any CPU
		{C4A6BF03-BF1F-421C-A0C4-BB8195C303DD}.Release|Any CPU.Build.0 = Release|Any CPU
		{96EE2608-4E00-4560-B8A8-FF0463C1999C}.Debug|Any CPU.ActiveCfg = Debug|Any CPU
		{96EE2608-4E00-4560-B8A8-FF0463C1999C}.Debug|Any CPU.Build.0 = Debug|Any CPU
		{96EE2608-4E00-4560-B8A8-FF0463C1999C}.Release|Any CPU.ActiveCfg = Release|Any CPU
		{96EE2608-4E00-4560-B8A8-FF0463C1999C}.Release|Any CPU.Build.0 = Release|Any CPU
		{579F4881-7339-4DD3-9ECC-1568006C8151}.Debug|Any CPU.ActiveCfg = Debug|Any CPU
		{579F4881-7339-4DD3-9ECC-1568006C8151}.Debug|Any CPU.Build.0 = Debug|Any CPU
		{579F4881-7339-4DD3-9ECC-1568006C8151}.Release|Any CPU.ActiveCfg = Release|Any CPU
		{579F4881-7339-4DD3-9ECC-1568006C8151}.Release|Any CPU.Build.0 = Release|Any CPU
		{6ED5D45C-C24E-41AA-BB7F-2FBD9B3140B2}.Debug|Any CPU.ActiveCfg = Debug|Any CPU
		{6ED5D45C-C24E-41AA-BB7F-2FBD9B3140B2}.Debug|Any CPU.Build.0 = Debug|Any CPU
		{6ED5D45C-C24E-41AA-BB7F-2FBD9B3140B2}.Release|Any CPU.ActiveCfg = Release|Any CPU
		{6ED5D45C-C24E-41AA-BB7F-2FBD9B3140B2}.Release|Any CPU.Build.0 = Release|Any CPU
	EndGlobalSection
	GlobalSection(SolutionProperties) = preSolution
		HideSolutionNode = FALSE
	EndGlobalSection
	GlobalSection(ExtensibilityGlobals) = postSolution
		SolutionGuid = {0E257A89-4932-44B3-BE99-6946D9F8D204}
	EndGlobalSection
EndGlobal
